// !$*UTF8*$!
{
	archiveVersion = 1;
	classes = {
	};
	objectVersion = 50;
	objects = {

/* Begin PBXBuildFile section */
		C8692E6D23DDDCA300DA4FEC /* AppDelegate.swift in Sources */ = {isa = PBXBuildFile; fileRef = C8692E6C23DDDCA300DA4FEC /* AppDelegate.swift */; };
		C8692E6F23DDDCA300DA4FEC /* SceneDelegate.swift in Sources */ = {isa = PBXBuildFile; fileRef = C8692E6E23DDDCA300DA4FEC /* SceneDelegate.swift */; };
		C8692E7123DDDCA300DA4FEC /* ViewController.swift in Sources */ = {isa = PBXBuildFile; fileRef = C8692E7023DDDCA300DA4FEC /* ViewController.swift */; };
		C8692E7423DDDCA300DA4FEC /* Main.storyboard in Resources */ = {isa = PBXBuildFile; fileRef = C8692E7223DDDCA300DA4FEC /* Main.storyboard */; };
		C8692E7723DDDCA300DA4FEC /* IOSLocalization.xcdatamodeld in Sources */ = {isa = PBXBuildFile; fileRef = C8692E7523DDDCA300DA4FEC /* IOSLocalization.xcdatamodeld */; };
		C8692E7923DDDCE700DA4FEC /* Assets.xcassets in Resources */ = {isa = PBXBuildFile; fileRef = C8692E7823DDDCE700DA4FEC /* Assets.xcassets */; };
		C8692E7C23DDDCE700DA4FEC /* LaunchScreen.storyboard in Resources */ = {isa = PBXBuildFile; fileRef = C8692E7A23DDDCE700DA4FEC /* LaunchScreen.storyboard */; };
		C8692E8423DDDF1300DA4FEC /* ruStrings.strings in Resources */ = {isa = PBXBuildFile; fileRef = C8692E8323DDDF1300DA4FEC /* ruStrings.strings */; };
		C8692E8623DDDF2700DA4FEC /* enStrings.strings in Resources */ = {isa = PBXBuildFile; fileRef = C8692E8523DDDF2700DA4FEC /* enStrings.strings */; };
		C8692E8823DDE12600DA4FEC /* frStrings.strings in Resources */ = {isa = PBXBuildFile; fileRef = C8692E8723DDE12600DA4FEC /* frStrings.strings */; };
/* End PBXBuildFile section */

/* Begin PBXFileReference section */
		C8692E6923DDDCA300DA4FEC /* IOSLocalization.app */ = {isa = PBXFileReference; explicitFileType = wrapper.application; includeInIndex = 0; path = IOSLocalization.app; sourceTree = BUILT_PRODUCTS_DIR; };
		C8692E6C23DDDCA300DA4FEC /* AppDelegate.swift */ = {isa = PBXFileReference; lastKnownFileType = sourcecode.swift; path = AppDelegate.swift; sourceTree = "<group>"; };
		C8692E6E23DDDCA300DA4FEC /* SceneDelegate.swift */ = {isa = PBXFileReference; lastKnownFileType = sourcecode.swift; path = SceneDelegate.swift; sourceTree = "<group>"; };
		C8692E7023DDDCA300DA4FEC /* ViewController.swift */ = {isa = PBXFileReference; lastKnownFileType = sourcecode.swift; path = ViewController.swift; sourceTree = "<group>"; };
		C8692E7323DDDCA300DA4FEC /* Base */ = {isa = PBXFileReference; lastKnownFileType = file.storyboard; name = Base; path = Base.lproj/Main.storyboard; sourceTree = "<group>"; };
		C8692E7623DDDCA300DA4FEC /* IOSLocalization.xcdatamodel */ = {isa = PBXFileReference; lastKnownFileType = wrapper.xcdatamodel; path = IOSLocalization.xcdatamodel; sourceTree = "<group>"; };
		C8692E7823DDDCE700DA4FEC /* Assets.xcassets */ = {isa = PBXFileReference; lastKnownFileType = folder.assetcatalog; path = Assets.xcassets; sourceTree = "<group>"; };
		C8692E7B23DDDCE700DA4FEC /* Base */ = {isa = PBXFileReference; lastKnownFileType = file.storyboard; name = Base; path = Base.lproj/LaunchScreen.storyboard; sourceTree = "<group>"; };
		C8692E7D23DDDCE700DA4FEC /* Info.plist */ = {isa = PBXFileReference; lastKnownFileType = text.plist.xml; path = Info.plist; sourceTree = "<group>"; };
		C8692E8323DDDF1300DA4FEC /* ruStrings.strings */ = {isa = PBXFileReference; lastKnownFileType = text.plist.strings; path = ruStrings.strings; sourceTree = "<group>"; };
		C8692E8523DDDF2700DA4FEC /* enStrings.strings */ = {isa = PBXFileReference; lastKnownFileType = text.plist.strings; path = enStrings.strings; sourceTree = "<group>"; };
		C8692E8723DDE12600DA4FEC /* frStrings.strings */ = {isa = PBXFileReference; lastKnownFileType = text.plist.strings; path = frStrings.strings; sourceTree = "<group>"; };
/* End PBXFileReference section */

/* Begin PBXFrameworksBuildPhase section */
		C8692E6623DDDCA300DA4FEC /* Frameworks */ = {
			isa = PBXFrameworksBuildPhase;
			buildActionMask = 2147483647;
			files = (
			);
			runOnlyForDeploymentPostprocessing = 0;
		};
/* End PBXFrameworksBuildPhase section */

/* Begin PBXGroup section */
		C8692E6023DDDCA300DA4FEC = {
			isa = PBXGroup;
			children = (
				C8692E6B23DDDCA300DA4FEC /* IOSLocalization */,
				C8692E6A23DDDCA300DA4FEC /* Products */,
			);
			sourceTree = "<group>";
		};
		C8692E6A23DDDCA300DA4FEC /* Products */ = {
			isa = PBXGroup;
			children = (
				C8692E6923DDDCA300DA4FEC /* IOSLocalization.app */,
			);
			name = Products;
			sourceTree = "<group>";
		};
		C8692E6B23DDDCA300DA4FEC /* IOSLocalization */ = {
			isa = PBXGroup;
			children = (
				C8692E6C23DDDCA300DA4FEC /* AppDelegate.swift */,
				C8692E6E23DDDCA300DA4FEC /* SceneDelegate.swift */,
				C8692E7023DDDCA300DA4FEC /* ViewController.swift */,
				C8692E7223DDDCA300DA4FEC /* Main.storyboard */,
				C8692E7823DDDCE700DA4FEC /* Assets.xcassets */,
				C8692E7A23DDDCE700DA4FEC /* LaunchScreen.storyboard */,
				C8692E7D23DDDCE700DA4FEC /* Info.plist */,
				C8692E7523DDDCA300DA4FEC /* IOSLocalization.xcdatamodeld */,
				C8692E8323DDDF1300DA4FEC /* ruStrings.strings */,
				C8692E8523DDDF2700DA4FEC /* enStrings.strings */,
				C8692E8723DDE12600DA4FEC /* frStrings.strings */,
			);
			path = IOSLocalization;
			sourceTree = "<group>";
		};
/* End PBXGroup section */

/* Begin PBXNativeTarget section */
		C8692E6823DDDCA300DA4FEC /* IOSLocalization */ = {
			isa = PBXNativeTarget;
			buildConfigurationList = C8692E8023DDDCE700DA4FEC /* Build configuration list for PBXNativeTarget "IOSLocalization" */;
			buildPhases = (
				C8692E6523DDDCA300DA4FEC /* Sources */,
				C8692E6623DDDCA300DA4FEC /* Frameworks */,
				C8692E6723DDDCA300DA4FEC /* Resources */,
			);
			buildRules = (
			);
			dependencies = (
			);
			name = IOSLocalization;
			productName = IOSLocalization;
			productReference = C8692E6923DDDCA300DA4FEC /* IOSLocalization.app */;
			productType = "com.apple.product-type.application";
		};
/* End PBXNativeTarget section */

/* Begin PBXProject section */
		C8692E6123DDDCA300DA4FEC /* Project object */ = {
			isa = PBXProject;
			attributes = {
				LastSwiftUpdateCheck = 1120;
				LastUpgradeCheck = 1120;
				ORGANIZATIONNAME = fmproduct.ios.localization;
				TargetAttributes = {
					C8692E6823DDDCA300DA4FEC = {
						CreatedOnToolsVersion = 11.2.1;
					};
				};
			};
			buildConfigurationList = C8692E6423DDDCA300DA4FEC /* Build configuration list for PBXProject "IOSLocalization" */;
			compatibilityVersion = "Xcode 9.3";
			developmentRegion = en;
			hasScannedForEncodings = 0;
			knownRegions = (
				en,
				Base,
			);
			mainGroup = C8692E6023DDDCA300DA4FEC;
			productRefGroup = C8692E6A23DDDCA300DA4FEC /* Products */;
			projectDirPath = "";
			projectRoot = "";
			targets = (
				C8692E6823DDDCA300DA4FEC /* IOSLocalization */,
			);
		};
/* End PBXProject section */

/* Begin PBXResourcesBuildPhase section */
		C8692E6723DDDCA300DA4FEC /* Resources */ = {
			isa = PBXResourcesBuildPhase;
			buildActionMask = 2147483647;
			files = (
				C8692E7C23DDDCE700DA4FEC /* LaunchScreen.storyboard in Resources */,
				C8692E8623DDDF2700DA4FEC /* enStrings.strings in Resources */,
				C8692E7923DDDCE700DA4FEC /* Assets.xcassets in Resources */,
				C8692E8423DDDF1300DA4FEC /* ruStrings.strings in Resources */,
				C8692E7423DDDCA300DA4FEC /* Main.storyboard in Resources */,
				C8692E8823DDE12600DA4FEC /* frStrings.strings in Resources */,
			);
			runOnlyForDeploymentPostprocessing = 0;
		};
/* End PBXResourcesBuildPhase section */

/* Begin PBXSourcesBuildPhase section */
		C8692E6523DDDCA300DA4FEC /* Sources */ = {
			isa = PBXSourcesBuildPhase;
			buildActionMask = 2147483647;
			files = (
				C8692E7723DDDCA300DA4FEC /* IOSLocalization.xcdatamodeld in Sources */,
				C8692E7123DDDCA300DA4FEC /* ViewController.swift in Sources */,
				C8692E6D23DDDCA300DA4FEC /* AppDelegate.swift in Sources */,
				C8692E6F23DDDCA300DA4FEC /* SceneDelegate.swift in Sources */,
			);
			runOnlyForDeploymentPostprocessing = 0;
		};
/* End PBXSourcesBuildPhase section */

/* Begin PBXVariantGroup section */
		C8692E7223DDDCA300DA4FEC /* Main.storyboard */ = {
			isa = PBXVariantGroup;
			children = (
				C8692E7323DDDCA300DA4FEC /* Base */,
			);
			name = Main.storyboard;
			sourceTree = "<group>";
		};
		C8692E7A23DDDCE700DA4FEC /* LaunchScreen.storyboard */ = {
			isa = PBXVariantGroup;
			children = (
				C8692E7B23DDDCE700DA4FEC /* Base */,
			);
			name = LaunchScreen.storyboard;
			sourceTree = "<group>";
		};
/* End PBXVariantGroup section */

/* Begin XCBuildConfiguration section */
		C8692E7E23DDDCE700DA4FEC /* Debug */ = {
			isa = XCBuildConfiguration;
			buildSettings = {
				ALWAYS_SEARCH_USER_PATHS = NO;
				CLANG_ANALYZER_NONNULL = YES;
				CLANG_ANALYZER_NUMBER_OBJECT_CONVERSION = YES_AGGRESSIVE;
				CLANG_CXX_LANGUAGE_STANDARD = "gnu++14";
				CLANG_CXX_LIBRARY = "libc++";
				CLANG_ENABLE_MODULES = YES;
				CLANG_ENABLE_OBJC_ARC = YES;
				CLANG_ENABLE_OBJC_WEAK = YES;
				CLANG_WARN_BLOCK_CAPTURE_AUTORELEASING = YES;
				CLANG_WARN_BOOL_CONVERSION = YES;
				CLANG_WARN_COMMA = YES;
				CLANG_WARN_CONSTANT_CONVERSION = YES;
				CLANG_WARN_DEPRECATED_OBJC_IMPLEMENTATIONS = YES;
				CLANG_WARN_DIRECT_OBJC_ISA_USAGE = YES_ERROR;
				CLANG_WARN_DOCUMENTATION_COMMENTS = YES;
				CLANG_WARN_EMPTY_BODY = YES;
				CLANG_WARN_ENUM_CONVERSION = YES;
				CLANG_WARN_INFINITE_RECURSION = YES;
				CLANG_WARN_INT_CONVERSION = YES;
				CLANG_WARN_NON_LITERAL_NULL_CONVERSION = YES;
				CLANG_WARN_OBJC_IMPLICIT_RETAIN_SELF = YES;
				CLANG_WARN_OBJC_LITERAL_CONVERSION = YES;
				CLANG_WARN_OBJC_ROOT_CLASS = YES_ERROR;
				CLANG_WARN_RANGE_LOOP_ANALYSIS = YES;
				CLANG_WARN_STRICT_PROTOTYPES = YES;
				CLANG_WARN_SUSPICIOUS_MOVE = YES;
				CLANG_WARN_UNGUARDED_AVAILABILITY = YES_AGGRESSIVE;
				CLANG_WARN_UNREACHABLE_CODE = YES;
				CLANG_WARN__DUPLICATE_METHOD_MATCH = YES;
				COPY_PHASE_STRIP = NO;
				DEBUG_INFORMATION_FORMAT = dwarf;
				ENABLE_STRICT_OBJC_MSGSEND = YES;
				ENABLE_TESTABILITY = YES;
				GCC_C_LANGUAGE_STANDARD = gnu11;
				GCC_DYNAMIC_NO_PIC = NO;
				GCC_NO_COMMON_BLOCKS = YES;
				GCC_OPTIMIZATION_LEVEL = 0;
				GCC_PREPROCESSOR_DEFINITIONS = (
					"DEBUG=1",
					"$(inherited)",
				);
				GCC_WARN_64_TO_32_BIT_CONVERSION = YES;
				GCC_WARN_ABOUT_RETURN_TYPE = YES_ERROR;
				GCC_WARN_UNDECLARED_SELECTOR = YES;
				GCC_WARN_UNINITIALIZED_AUTOS = YES_AGGRESSIVE;
				GCC_WARN_UNUSED_FUNCTION = YES;
				GCC_WARN_UNUSED_VARIABLE = YES;
				IPHONEOS_DEPLOYMENT_TARGET = 13.2;
				MTL_ENABLE_DEBUG_INFO = INCLUDE_SOURCE;
				MTL_FAST_MATH = YES;
				ONLY_ACTIVE_ARCH = YES;
				SDKROOT = iphoneos;
				SWIFT_ACTIVE_COMPILATION_CONDITIONS = DEBUG;
				SWIFT_OPTIMIZATION_LEVEL = "-Onone";
			};
			name = Debug;
		};
		C8692E7F23DDDCE700DA4FEC /* Release */ = {
			isa = XCBuildConfiguration;
			buildSettings = {
				ALWAYS_SEARCH_USER_PATHS = NO;
				CLANG_ANALYZER_NONNULL = YES;
				CLANG_ANALYZER_NUMBER_OBJECT_CONVERSION = YES_AGGRESSIVE;
				CLANG_CXX_LANGUAGE_STANDARD = "gnu++14";
				CLANG_CXX_LIBRARY = "libc++";
				CLANG_ENABLE_MODULES = YES;
				CLANG_ENABLE_OBJC_ARC = YES;
				CLANG_ENABLE_OBJC_WEAK = YES;
				CLANG_WARN_BLOCK_CAPTURE_AUTORELEASING = YES;
				CLANG_WARN_BOOL_CONVERSION = YES;
				CLANG_WARN_COMMA = YES;
				CLANG_WARN_CONSTANT_CONVERSION = YES;
				CLANG_WARN_DEPRECATED_OBJC_IMPLEMENTATIONS = YES;
				CLANG_WARN_DIRECT_OBJC_ISA_USAGE = YES_ERROR;
				CLANG_WARN_DOCUMENTATION_COMMENTS = YES;
				CLANG_WARN_EMPTY_BODY = YES;
				CLANG_WARN_ENUM_CONVERSION = YES;
				CLANG_WARN_INFINITE_RECURSION = YES;
				CLANG_WARN_INT_CONVERSION = YES;
				CLANG_WARN_NON_LITERAL_NULL_CONVERSION = YES;
				CLANG_WARN_OBJC_IMPLICIT_RETAIN_SELF = YES;
				CLANG_WARN_OBJC_LITERAL_CONVERSION = YES;
				CLANG_WARN_OBJC_ROOT_CLASS = YES_ERROR;
				CLANG_WARN_RANGE_LOOP_ANALYSIS = YES;
				CLANG_WARN_STRICT_PROTOTYPES = YES;
				CLANG_WARN_SUSPICIOUS_MOVE = YES;
				CLANG_WARN_UNGUARDED_AVAILABILITY = YES_AGGRESSIVE;
				CLANG_WARN_UNREACHABLE_CODE = YES;
				CLANG_WARN__DUPLICATE_METHOD_MATCH = YES;
				COPY_PHASE_STRIP = NO;
				DEBUG_INFORMATION_FORMAT = "dwarf-with-dsym";
				ENABLE_NS_ASSERTIONS = NO;
				ENABLE_STRICT_OBJC_MSGSEND = YES;
				GCC_C_LANGUAGE_STANDARD = gnu11;
				GCC_NO_COMMON_BLOCKS = YES;
				GCC_WARN_64_TO_32_BIT_CONVERSION = YES;
				GCC_WARN_ABOUT_RETURN_TYPE = YES_ERROR;
				GCC_WARN_UNDECLARED_SELECTOR = YES;
				GCC_WARN_UNINITIALIZED_AUTOS = YES_AGGRESSIVE;
				GCC_WARN_UNUSED_FUNCTION = YES;
				GCC_WARN_UNUSED_VARIABLE = YES;
				IPHONEOS_DEPLOYMENT_TARGET = 13.2;
				MTL_ENABLE_DEBUG_INFO = NO;
				MTL_FAST_MATH = YES;
				SDKROOT = iphoneos;
				SWIFT_COMPILATION_MODE = wholemodule;
				SWIFT_OPTIMIZATION_LEVEL = "-O";
				VALIDATE_PRODUCT = YES;
			};
			name = Release;
		};
		C8692E8123DDDCE700DA4FEC /* Debug */ = {
			isa = XCBuildConfiguration;
			buildSettings = {
				ASSETCATALOG_COMPILER_APPICON_NAME = AppIcon;
				CODE_SIGN_STYLE = Automatic;
				INFOPLIST_FILE = IOSLocalization/Info.plist;
				LD_RUNPATH_SEARCH_PATHS = (
					"$(inherited)",
					"@executable_path/Frameworks",
				);
				PRODUCT_BUNDLE_IDENTIFIER = fmproduct.IOSLocalization;
				PRODUCT_NAME = "$(TARGET_NAME)";
				SWIFT_VERSION = 5.0;
				TARGETED_DEVICE_FAMILY = "1,2";
			};
			name = Debug;
		};
		C8692E8223DDDCE700DA4FEC /* Release */ = {
			isa = XCBuildConfiguration;
			buildSettings = {
				ASSETCATALOG_COMPILER_APPICON_NAME = AppIcon;
				CODE_SIGN_STYLE = Automatic;
				INFOPLIST_FILE = IOSLocalization/Info.plist;
				LD_RUNPATH_SEARCH_PATHS = (
					"$(inherited)",
					"@executable_path/Frameworks",
				);
				PRODUCT_BUNDLE_IDENTIFIER = fmproduct.IOSLocalization;
				PRODUCT_NAME = "$(TARGET_NAME)";
				SWIFT_VERSION = 5.0;
				TARGETED_DEVICE_FAMILY = "1,2";
			};
			name = Release;
		};
/* End XCBuildConfiguration section */

/* Begin XCConfigurationList section */
		C8692E6423DDDCA300DA4FEC /* Build configuration list for PBXProject "IOSLocalization" */ = {
			isa = XCConfigurationList;
			buildConfigurations = (
				C8692E7E23DDDCE700DA4FEC /* Debug */,
				C8692E7F23DDDCE700DA4FEC /* Release */,
			);
			defaultConfigurationIsVisible = 0;
			defaultConfigurationName = Release;
		};
		C8692E8023DDDCE700DA4FEC /* Build configuration list for PBXNativeTarget "IOSLocalization" */ = {
			isa = XCConfigurationList;
			buildConfigurations = (
				C8692E8123DDDCE700DA4FEC /* Debug */,
				C8692E8223DDDCE700DA4FEC /* Release */,
			);
			defaultConfigurationIsVisible = 0;
			defaultConfigurationName = Release;
		};
/* End XCConfigurationList section */

/* Begin XCVersionGroup section */
		C8692E7523DDDCA300DA4FEC /* IOSLocalization.xcdatamodeld */ = {
			isa = XCVersionGroup;
			children = (
				C8692E7623DDDCA300DA4FEC /* IOSLocalization.xcdatamodel */,
			);
			currentVersion = C8692E7623DDDCA300DA4FEC /* IOSLocalization.xcdatamodel */;
			path = IOSLocalization.xcdatamodeld;
			sourceTree = "<group>";
			versionGroupType = wrapper.xcdatamodel;
		};
/* End XCVersionGroup section */
	};
	rootObject = C8692E6123DDDCA300DA4FEC /* Project object */;
}
